
Microsoft Visual Studio Solution File, Format Version 12.00
# Visual Studio 15
VisualStudioVersion = 15.0.28307.136
MinimumVisualStudioVersion = 10.0.40219.1
Project("{FAE04EC0-301F-11D3-BF4B-00C04F79EFBC}") = "StudentSluzba", "StudentSluzba\StudentSluzba.csproj", "{184CC3FC-6C56-498C-91D3-B7DFBEA21286}"
EndProject
Global
	GlobalSection(SolutionConfigurationPlatforms) = preSolution
		Debug|Any CPU = Debug|Any CPU
		Release|Any CPU = Release|Any CPU
	EndGlobalSection
	GlobalSection(ProjectConfigurationPlatforms) = postSolution
		{184CC3FC-6C56-498C-91D3-B7DFBEA21286}.Debug|Any CPU.ActiveCfg = Debug|Any CPU
		{184CC3FC-6C56-498C-91D3-B7DFBEA21286}.Debug|Any CPU.Build.0 = Debug|Any CPU
		{184CC3FC-6C56-498C-91D3-B7DFBEA21286}.Release|Any CPU.ActiveCfg = Release|Any CPU
		{184CC3FC-6C56-498C-91D3-B7DFBEA21286}.Release|Any CPU.Build.0 = Release|Any CPU
	EndGlobalSection
	GlobalSection(SolutionProperties) = preSolution
		HideSolutionNode = FALSE
	EndGlobalSection
	GlobalSection(ExtensibilityGlobals) = postSolution
		SolutionGuid = {BD563594-A253-4CEE-8974-54FB3FAF700D}
	EndGlobalSection
EndGlobal
